
Microsoft Visual Studio Solution File, Format Version 12.00
# Visual Studio Version 17
VisualStudioVersion = 17.6.33723.286
MinimumVisualStudioVersion = 10.0.40219.1
Project("{FAE04EC0-301F-11D3-BF4B-00C04F79EFBC}") = "Proiect_Vanzari", "Proiect_Vanzari.csproj", "{6EDF5E02-8F33-4C9B-A356-2A8C50E9EA0E}"
EndProject
Global
	GlobalSection(SolutionConfigurationPlatforms) = preSolution
		Debug|Any CPU = Debug|Any CPU
		Release|Any CPU = Release|Any CPU
	EndGlobalSection
	GlobalSection(ProjectConfigurationPlatforms) = postSolution
		{6EDF5E02-8F33-4C9B-A356-2A8C50E9EA0E}.Debug|Any CPU.ActiveCfg = Debug|Any CPU
		{6EDF5E02-8F33-4C9B-A356-2A8C50E9EA0E}.Debug|Any CPU.Build.0 = Debug|Any CPU
		{6EDF5E02-8F33-4C9B-A356-2A8C50E9EA0E}.Release|Any CPU.ActiveCfg = Release|Any CPU
		{6EDF5E02-8F33-4C9B-A356-2A8C50E9EA0E}.Release|Any CPU.Build.0 = Release|Any CPU
	EndGlobalSection
	GlobalSection(SolutionProperties) = preSolution
		HideSolutionNode = FALSE
	EndGlobalSection
	GlobalSection(ExtensibilityGlobals) = postSolution
		SolutionGuid = {326AB907-C1BD-42FF-9A74-71771FF072AF}
	EndGlobalSection
EndGlobal
